
Microsoft Visual Studio Solution File, Format Version 12.00
# Visual Studio Version 17
VisualStudioVersion = 17.6.33712.159
MinimumVisualStudioVersion = 10.0.40219.1
Project("{FAE04EC0-301F-11D3-BF4B-00C04F79EFBC}") = "Assignment1", "Assignment1\Assignment1.csproj", "{0A76EA27-A9FD-474C-8064-9B0D1E0D2948}"
EndProject
Global
	GlobalSection(SolutionConfigurationPlatforms) = preSolution
		Debug|Any CPU = Debug|Any CPU
		Release|Any CPU = Release|Any CPU
	EndGlobalSection
	GlobalSection(ProjectConfigurationPlatforms) = postSolution
		{0A76EA27-A9FD-474C-8064-9B0D1E0D2948}.Debug|Any CPU.ActiveCfg = Debug|Any CPU
		{0A76EA27-A9FD-474C-8064-9B0D1E0D2948}.Debug|Any CPU.Build.0 = Debug|Any CPU
		{0A76EA27-A9FD-474C-8064-9B0D1E0D2948}.Release|Any CPU.ActiveCfg = Release|Any CPU
		{0A76EA27-A9FD-474C-8064-9B0D1E0D2948}.Release|Any CPU.Build.0 = Release|Any CPU
	EndGlobalSection
	GlobalSection(SolutionProperties) = preSolution
		HideSolutionNode = FALSE
	EndGlobalSection
	GlobalSection(ExtensibilityGlobals) = postSolution
		SolutionGuid = {0D447334-8D96-4121-BAAD-7C75725B7C13}
	EndGlobalSection
EndGlobal
